<?xml version="1.0" encoding="utf-8"?>
<Project ToolsVersion="4.0" xmlns="http://schemas.microsoft.com/developer/msbuild/2003">
  <ItemGroup>
    <Filter Include="Source Files">
      <UniqueIdentifier>{4FC737F1-C7A5-4376-A066-2A32D752A2FF}</UniqueIdentifier>
      <Extensions>cpp;c;cc;cxx;c++;cppm;ixx;def;odl;idl;hpj;bat;asm;asmx</Extensions>
    </Filter>
    <Filter Include="Header Files">
      <UniqueIdentifier>{93995380-89BD-4b04-88EB-625FBE52EBFB}</UniqueIdentifier>
      <Extensions>h;hh;hpp;hxx;h++;hm;inl;inc;ipp;xsd</Extensions>
    </Filter>
    <Filter Include="Resource Files">
      <UniqueIdentifier>{67DA6AB6-F800-4c08-8B7A-83BB121AAD01}</UniqueIdentifier>
      <Extensions>rc;ico;cur;bmp;dlg;rc2;rct;bin;rgs;gif;jpg;jpeg;jpe;resx;tiff;tif;png;wav;mfcribbon-ms</Extensions>
    </Filter>
  </ItemGroup>
  <ItemGroup>
    <ClInclude Include="utopia.h">
      <Filter>Header Files</Filter>
    </ClInclude>
    <ClInclude Include="UCamera.h">
      <Filter>Header Files</Filter>
    </ClInclude>
    <ClInclude Include="UMesh.h">
      <Filter>Header Files</Filter>
    </ClInclude>
    <ClInclude Include="UNode.h">
      <Filter>Header Files</Filter>
    </ClInclude>
    <ClInclude Include="UObject.h">
      <Filter>Header Files</Filter>
    </ClInclude>
    <ClInclude Include="URenderPipeline.h">
      <Filter>Header Files</Filter>
    </ClInclude>
    <ClInclude Include="UPerspectiveCamera.h">
      <Filter>Header Files</Filter>
    </ClInclude>
    <ClInclude Include="UOrthographicCamera.h">
      <Filter>Header Files</Filter>
    </ClInclude>
    <ClInclude Include="OVOFactory.h">
      <Filter>Header Files</Filter>
    </ClInclude>
    <ClInclude Include="OVOObject.h">
      <Filter>Header Files</Filter>
    </ClInclude>
    <ClInclude Include="OVOStrategy.h">
      <Filter>Header Files</Filter>
    </ClInclude>
    <ClInclude Include="OVOMeshStrategy.h">
      <Filter>Header Files</Filter>
    </ClInclude>
    <ClInclude Include="OVONodeAbstractStrategy.h">
      <Filter>Header Files</Filter>
    </ClInclude>
    <ClInclude Include="OVONodeConcreteStrategy.h">
      <Filter>Header Files</Filter>
    </ClInclude>
    <ClInclude Include="ULight.h">
      <Filter>Header Files</Filter>
    </ClInclude>
    <ClInclude Include="UDirectionalLight.h">
      <Filter>Header Files</Filter>
    </ClInclude>
    <ClInclude Include="UOmniLight.h">
      <Filter>Header Files</Filter>
    </ClInclude>
    <ClInclude Include="USpotLight.h">
      <Filter>Header Files</Filter>
    </ClInclude>
  </ItemGroup>
  <ItemGroup>
    <ClCompile Include="utopia.cpp">
      <Filter>Source Files</Filter>
    </ClCompile>
    <ClCompile Include="UCamera.cpp">
      <Filter>Source Files</Filter>
    </ClCompile>
    <ClCompile Include="UMesh.cpp">
      <Filter>Source Files</Filter>
    </ClCompile>
    <ClCompile Include="UNode.cpp">
      <Filter>Source Files</Filter>
    </ClCompile>
    <ClCompile Include="UObject.cpp">
      <Filter>Source Files</Filter>
    </ClCompile>
    <ClCompile Include="URenderPipeline.cpp">
      <Filter>Source Files</Filter>
    </ClCompile>
    <ClCompile Include="UPerspectiveCamera.cpp">
      <Filter>Source Files</Filter>
    </ClCompile>
    <ClCompile Include="UOrthographicCamera.cpp">
      <Filter>Source Files</Filter>
    </ClCompile>
    <ClCompile Include="ULight.cpp">
      <Filter>Source Files</Filter>
    </ClCompile>
    <ClCompile Include="UDirectionalLight.cpp">
      <Filter>Source Files</Filter>
    </ClCompile>
    <ClCompile Include="UOmniLight.cpp">
      <Filter>Source Files</Filter>
    </ClCompile>
    <ClCompile Include="USpotLight.cpp">
      <Filter>Source Files</Filter>
    </ClCompile>
    <ClCompile Include="OvoFactory.cpp">
      <Filter>Source Files</Filter>
    </ClCompile>
    <ClCompile Include="OVOMeshStrategy.cpp">
      <Filter>Source Files</Filter>
    </ClCompile>
    <ClCompile Include="OVONodeAbstractStrategy.cpp">
      <Filter>Source Files</Filter>
    </ClCompile>
    <ClCompile Include="OVOStrategy.cpp">
      <Filter>Source Files</Filter>
    </ClCompile>
    <ClCompile Include="OVONodeConcreteStrategy.cpp">
      <Filter>Source Files</Filter>
    </ClCompile>
  </ItemGroup>
</Project>