<?xml version="1.0" encoding="utf-8"?>
<Project ToolsVersion="4.0" xmlns="http://schemas.microsoft.com/developer/msbuild/2003">
  <ItemGroup>
    <Filter Include="Source Files">
      <UniqueIdentifier>{4FC737F1-C7A5-4376-A066-2A32D752A2FF}</UniqueIdentifier>
      <Extensions>cpp;c;cc;cxx;c++;cppm;ixx;def;odl;idl;hpj;bat;asm;asmx</Extensions>
    </Filter>
    <Filter Include="Header Files">
      <UniqueIdentifier>{93995380-89BD-4b04-88EB-625FBE52EBFB}</UniqueIdentifier>
      <Extensions>h;hh;hpp;hxx;h++;hm;inl;inc;ipp;xsd</Extensions>
    </Filter>
    <Filter Include="Resource Files">
      <UniqueIdentifier>{67DA6AB6-F800-4c08-8B7A-83BB121AAD01}</UniqueIdentifier>
      <Extensions>rc;ico;cur;bmp;dlg;rc2;rct;bin;rgs;gif;jpg;jpeg;jpe;resx;tiff;tif;png;wav;mfcribbon-ms</Extensions>
    </Filter>
    <Filter Include="Tests">
      <UniqueIdentifier>{4c7661b3-4b70-459a-896f-4856dd302b10}</UniqueIdentifier>
    </Filter>
    <Filter Include="Tests\Header Files">
      <UniqueIdentifier>{a3ddc33b-03b8-4e0d-9750-12f37885d4e0}</UniqueIdentifier>
    </Filter>
    <Filter Include="Tests\Source Files">
      <UniqueIdentifier>{b6fbc49b-b332-4a2d-8850-e83d7c3b16e1}</UniqueIdentifier>
    </Filter>
  </ItemGroup>
  <ItemGroup>
    <ClCompile Include="src\OVOFactory.cpp">
      <Filter>Source Files</Filter>
    </ClCompile>
    <ClCompile Include="src\OVOLightStrategy.cpp">
      <Filter>Source Files</Filter>
    </ClCompile>
    <ClCompile Include="src\OVOMaterialStrategy.cpp">
      <Filter>Source Files</Filter>
    </ClCompile>
    <ClCompile Include="src\OVOMeshStrategy.cpp">
      <Filter>Source Files</Filter>
    </ClCompile>
    <ClCompile Include="src\OVONodeAbstractStrategy.cpp">
      <Filter>Source Files</Filter>
    </ClCompile>
    <ClCompile Include="src\OVONodeConcreteStrategy.cpp">
      <Filter>Source Files</Filter>
    </ClCompile>
    <ClCompile Include="src\OVOStrategy.cpp">
      <Filter>Source Files</Filter>
    </ClCompile>
    <ClCompile Include="src\UCamera.cpp">
      <Filter>Source Files</Filter>
    </ClCompile>
    <ClCompile Include="src\UDirectionalLight.cpp">
      <Filter>Source Files</Filter>
    </ClCompile>
    <ClCompile Include="src\ULight.cpp">
      <Filter>Source Files</Filter>
    </ClCompile>
    <ClCompile Include="src\UMaterial.cpp">
      <Filter>Source Files</Filter>
    </ClCompile>
    <ClCompile Include="src\UMesh.cpp">
      <Filter>Source Files</Filter>
    </ClCompile>
    <ClCompile Include="src\UNode.cpp">
      <Filter>Source Files</Filter>
    </ClCompile>
    <ClCompile Include="src\UObject.cpp">
      <Filter>Source Files</Filter>
    </ClCompile>
    <ClCompile Include="src\UOmniLight.cpp">
      <Filter>Source Files</Filter>
    </ClCompile>
    <ClCompile Include="src\UOrthographicCamera.cpp">
      <Filter>Source Files</Filter>
    </ClCompile>
    <ClCompile Include="src\UPerspectiveCamera.cpp">
      <Filter>Source Files</Filter>
    </ClCompile>
    <ClCompile Include="src\U3DRenderPipeline.cpp">
      <Filter>Source Files</Filter>
    </ClCompile>
    <ClCompile Include="src\USpotLight.cpp">
      <Filter>Source Files</Filter>
    </ClCompile>
    <ClCompile Include="src\UTexture.cpp">
      <Filter>Source Files</Filter>
    </ClCompile>
    <ClCompile Include="src\UTextureFactory.cpp">
      <Filter>Source Files</Filter>
    </ClCompile>
    <ClCompile Include="src\Utopia.cpp">
      <Filter>Source Files</Filter>
    </ClCompile>
    <ClCompile Include="test\Test.cpp">
      <Filter>Tests\Source Files</Filter>
    </ClCompile>
    <ClCompile Include="test\TestRunner.cpp">
      <Filter>Tests\Source Files</Filter>
    </ClCompile>
    <ClCompile Include="src\U2DRenderPipeline.cpp">
      <Filter>Source Files</Filter>
    </ClCompile>
    <ClCompile Include="src\U2DObject.cpp">
      <Filter>Source Files</Filter>
    </ClCompile>
    <ClCompile Include="src\UText.cpp">
      <Filter>Source Files</Filter>
    </ClCompile>
    <ClCompile Include="test\UNodeTest.cpp">
      <Filter>Tests\Source Files</Filter>
    </ClCompile>
    <ClCompile Include="test\UObjectTest.cpp">
      <Filter>Tests\Source Files</Filter>
    </ClCompile>
    <ClCompile Include="test\OVOFactoryTest.cpp">
      <Filter>Tests\Source Files</Filter>
    </ClCompile>
    <ClCompile Include="src\USpecialKeys.cpp">
      <Filter>Source Files</Filter>
    </ClCompile>
    <ClCompile Include="test\RunUtopiaTest.cpp">
      <Filter>Tests\Source Files</Filter>
    </ClCompile>
    <ClCompile Include="test\UCameraTest.cpp">
      <Filter>Tests\Source Files</Filter>
    </ClCompile>
    <ClCompile Include="test\ULightTest.cpp">
      <Filter>Tests\Source Files</Filter>
    </ClCompile>
  </ItemGroup>
  <ItemGroup>
    <ClInclude Include="include\OVOFactory.h">
      <Filter>Header Files</Filter>
    </ClInclude>
    <ClInclude Include="include\OVOLightStrategy.h">
      <Filter>Header Files</Filter>
    </ClInclude>
    <ClInclude Include="include\OVOMaterialStrategy.h">
      <Filter>Header Files</Filter>
    </ClInclude>
    <ClInclude Include="include\OVOMeshStrategy.h">
      <Filter>Header Files</Filter>
    </ClInclude>
    <ClInclude Include="include\OVONodeAbstractStrategy.h">
      <Filter>Header Files</Filter>
    </ClInclude>
    <ClInclude Include="include\OVONodeConcreteStrategy.h">
      <Filter>Header Files</Filter>
    </ClInclude>
    <ClInclude Include="include\OVOObject.h">
      <Filter>Header Files</Filter>
    </ClInclude>
    <ClInclude Include="include\OVOStrategy.h">
      <Filter>Header Files</Filter>
    </ClInclude>
    <ClInclude Include="include\UCamera.h">
      <Filter>Header Files</Filter>
    </ClInclude>
    <ClInclude Include="include\UDirectionalLight.h">
      <Filter>Header Files</Filter>
    </ClInclude>
    <ClInclude Include="include\ULight.h">
      <Filter>Header Files</Filter>
    </ClInclude>
    <ClInclude Include="include\UMaterial.h">
      <Filter>Header Files</Filter>
    </ClInclude>
    <ClInclude Include="include\UMesh.h">
      <Filter>Header Files</Filter>
    </ClInclude>
    <ClInclude Include="include\UNode.h">
      <Filter>Header Files</Filter>
    </ClInclude>
    <ClInclude Include="include\UObject.h">
      <Filter>Header Files</Filter>
    </ClInclude>
    <ClInclude Include="include\UOmniLight.h">
      <Filter>Header Files</Filter>
    </ClInclude>
    <ClInclude Include="include\UOrthographicCamera.h">
      <Filter>Header Files</Filter>
    </ClInclude>
    <ClInclude Include="include\UPerspectiveCamera.h">
      <Filter>Header Files</Filter>
    </ClInclude>
    <ClInclude Include="include\U3DRenderPipeline.h">
      <Filter>Header Files</Filter>
    </ClInclude>
    <ClInclude Include="include\USpotLight.h">
      <Filter>Header Files</Filter>
    </ClInclude>
    <ClInclude Include="include\UTexture.h">
      <Filter>Header Files</Filter>
    </ClInclude>
    <ClInclude Include="include\UTextureFactory.h">
      <Filter>Header Files</Filter>
    </ClInclude>
    <ClInclude Include="include\Utopia.h">
      <Filter>Header Files</Filter>
    </ClInclude>
    <ClInclude Include="test\Test.h">
      <Filter>Tests\Header Files</Filter>
    </ClInclude>
    <ClInclude Include="test\TestRunner.h">
      <Filter>Tests\Header Files</Filter>
    </ClInclude>
    <ClInclude Include="include\U2DRenderPipeline.h">
      <Filter>Header Files</Filter>
    </ClInclude>
    <ClInclude Include="include\U2DObject.h">
      <Filter>Header Files</Filter>
    </ClInclude>
    <ClInclude Include="include\UText.h">
      <Filter>Header Files</Filter>
    </ClInclude>
    <ClInclude Include="test\UNodeTest.h">
      <Filter>Tests\Header Files</Filter>
    </ClInclude>
    <ClInclude Include="test\UObjectTest.h">
      <Filter>Tests\Header Files</Filter>
    </ClInclude>
    <ClInclude Include="test\OVOFactoryTest.h">
      <Filter>Tests\Header Files</Filter>
    </ClInclude>
    <ClInclude Include="include\USpecialKeys.h">
      <Filter>Header Files</Filter>
    </ClInclude>
    <ClInclude Include="test\UCameraTest.h">
      <Filter>Tests\Header Files</Filter>
    </ClInclude>
    <ClInclude Include="test\ULightTest.h">
      <Filter>Tests\Header Files</Filter>
    </ClInclude>
  </ItemGroup>
  <ItemGroup>
    <None Include="ClassDiagram.cd" />
  </ItemGroup>
</Project>