<?xml version="1.0" encoding="UTF-8" standalone="yes" ?>
<CodeBlocks_project_file>
	<FileVersion major="1" minor="6" />
	<Project>
		<Option title="TowerCraneSimulator2022" />
		<Option pch_mode="2" />
		<Option compiler="gcc" />
		<Build>
			<Target title="Debug">
				<Option output="../x64/Debug/TowerCraneSimulator2022" prefix_auto="1" extension_auto="1" />
				<Option object_output="../x64/Debug/" />
				<Option type="1" />
				<Option compiler="gcc" />
				<Compiler>
					<Add option="-g" />
					<Add directory="../Utopia/" />
				</Compiler>
				<Linker>
					<Add library="../x64/Debug/libUtopia.so" />
					<Add directory="../x64/Debug" />
				</Linker>
			</Target>
			<Target title="Release">
				<Option output="../x64/Release/TowerCraneSimulator2022" prefix_auto="1" extension_auto="1" />
				<Option object_output="../x64/Release/" />
				<Option type="1" />
				<Option compiler="gcc" />
				<Compiler>
					<Add option="-O2" />
					<Add directory="../Utopia/" />
				</Compiler>
				<Linker>
					<Add option="-s" />
					<Add library="../Utopia/x64/Release/libUtopia.so" />
					<Add directory="../x64/Release" />
				</Linker>
			</Target>
		</Build>
		<Compiler>
			<Add option="-Wall" />
			<Add option="-std=c++14" />
			<Add option="-fexceptions" />
			<Add directory="../Utopia" />
			<Add directory="../Utopia/dependencies" />
			<Add directory="../dependencies/glm/include" />
		</Compiler>
		<Unit filename="main.cpp" />
		<Extensions />
	</Project>
</CodeBlocks_project_file>
